
Microsoft Visual Studio Solution File, Format Version 12.00
# Visual Studio 15
VisualStudioVersion = 15.0.28307.489
MinimumVisualStudioVersion = 10.0.40219.1
Project("{FAE04EC0-301F-11D3-BF4B-00C04F79EFBC}") = "XamarinSamples.Android", "XamarinSamples\XamarinSamples.Android\XamarinSamples.Android.csproj", "{CE830DA2-092F-468C-B588-63856D7A6B85}"
EndProject
Project("{FAE04EC0-301F-11D3-BF4B-00C04F79EFBC}") = "XamarinSamples.UWP", "XamarinSamples\XamarinSamples.UWP\XamarinSamples.UWP.csproj", "{C1B5DA90-C109-4105-9328-E1ED40E744AF}"
EndProject
Project("{FAE04EC0-301F-11D3-BF4B-00C04F79EFBC}") = "XamarinSamples", "XamarinSamples\XamarinSamples\XamarinSamples.csproj", "{B675342B-A519-4BD0-8BF7-20B4BABC5479}"
EndProject
Global
	GlobalSection(SolutionConfigurationPlatforms) = preSolution
		Debug|Any CPU = Debug|Any CPU
		Debug|ARM = Debug|ARM
		Debug|x64 = Debug|x64
		Debug|x86 = Debug|x86
		Release|Any CPU = Release|Any CPU
		Release|ARM = Release|ARM
		Release|x64 = Release|x64
		Release|x86 = Release|x86
	EndGlobalSection
	GlobalSection(ProjectConfigurationPlatforms) = postSolution
		{CE830DA2-092F-468C-B588-63856D7A6B85}.Debug|Any CPU.ActiveCfg = Debug|Any CPU
		{CE830DA2-092F-468C-B588-63856D7A6B85}.Debug|Any CPU.Build.0 = Debug|Any CPU
		{CE830DA2-092F-468C-B588-63856D7A6B85}.Debug|Any CPU.Deploy.0 = Debug|Any CPU
		{CE830DA2-092F-468C-B588-63856D7A6B85}.Debug|ARM.ActiveCfg = Debug|Any CPU
		{CE830DA2-092F-468C-B588-63856D7A6B85}.Debug|ARM.Build.0 = Debug|Any CPU
		{CE830DA2-092F-468C-B588-63856D7A6B85}.Debug|ARM.Deploy.0 = Debug|Any CPU
		{CE830DA2-092F-468C-B588-63856D7A6B85}.Debug|x64.ActiveCfg = Debug|Any CPU
		{CE830DA2-092F-468C-B588-63856D7A6B85}.Debug|x64.Build.0 = Debug|Any CPU
		{CE830DA2-092F-468C-B588-63856D7A6B85}.Debug|x64.Deploy.0 = Debug|Any CPU
		{CE830DA2-092F-468C-B588-63856D7A6B85}.Debug|x86.ActiveCfg = Debug|Any CPU
		{CE830DA2-092F-468C-B588-63856D7A6B85}.Debug|x86.Build.0 = Debug|Any CPU
		{CE830DA2-092F-468C-B588-63856D7A6B85}.Debug|x86.Deploy.0 = Debug|Any CPU
		{CE830DA2-092F-468C-B588-63856D7A6B85}.Release|Any CPU.ActiveCfg = Release|Any CPU
		{CE830DA2-092F-468C-B588-63856D7A6B85}.Release|Any CPU.Build.0 = Release|Any CPU
		{CE830DA2-092F-468C-B588-63856D7A6B85}.Release|Any CPU.Deploy.0 = Release|Any CPU
		{CE830DA2-092F-468C-B588-63856D7A6B85}.Release|ARM.ActiveCfg = Release|Any CPU
		{CE830DA2-092F-468C-B588-63856D7A6B85}.Release|ARM.Build.0 = Release|Any CPU
		{CE830DA2-092F-468C-B588-63856D7A6B85}.Release|ARM.Deploy.0 = Release|Any CPU
		{CE830DA2-092F-468C-B588-63856D7A6B85}.Release|x64.ActiveCfg = Release|Any CPU
		{CE830DA2-092F-468C-B588-63856D7A6B85}.Release|x64.Build.0 = Release|Any CPU
		{CE830DA2-092F-468C-B588-63856D7A6B85}.Release|x64.Deploy.0 = Release|Any CPU
		{CE830DA2-092F-468C-B588-63856D7A6B85}.Release|x86.ActiveCfg = Release|Any CPU
		{CE830DA2-092F-468C-B588-63856D7A6B85}.Release|x86.Build.0 = Release|Any CPU
		{CE830DA2-092F-468C-B588-63856D7A6B85}.Release|x86.Deploy.0 = Release|Any CPU
		{C1B5DA90-C109-4105-9328-E1ED40E744AF}.Debug|Any CPU.ActiveCfg = Debug|x86
		{C1B5DA90-C109-4105-9328-E1ED40E744AF}.Debug|Any CPU.Build.0 = Debug|x86
		{C1B5DA90-C109-4105-9328-E1ED40E744AF}.Debug|Any CPU.Deploy.0 = Debug|x86
		{C1B5DA90-C109-4105-9328-E1ED40E744AF}.Debug|ARM.ActiveCfg = Debug|ARM
		{C1B5DA90-C109-4105-9328-E1ED40E744AF}.Debug|ARM.Build.0 = Debug|ARM
		{C1B5DA90-C109-4105-9328-E1ED40E744AF}.Debug|ARM.Deploy.0 = Debug|ARM
		{C1B5DA90-C109-4105-9328-E1ED40E744AF}.Debug|x64.ActiveCfg = Debug|x64
		{C1B5DA90-C109-4105-9328-E1ED40E744AF}.Debug|x64.Build.0 = Debug|x64
		{C1B5DA90-C109-4105-9328-E1ED40E744AF}.Debug|x64.Deploy.0 = Debug|x64
		{C1B5DA90-C109-4105-9328-E1ED40E744AF}.Debug|x86.ActiveCfg = Debug|x86
		{C1B5DA90-C109-4105-9328-E1ED40E744AF}.Debug|x86.Build.0 = Debug|x86
		{C1B5DA90-C109-4105-9328-E1ED40E744AF}.Debug|x86.Deploy.0 = Debug|x86
		{C1B5DA90-C109-4105-9328-E1ED40E744AF}.Release|Any CPU.ActiveCfg = Release|x86
		{C1B5DA90-C109-4105-9328-E1ED40E744AF}.Release|Any CPU.Build.0 = Release|x86
		{C1B5DA90-C109-4105-9328-E1ED40E744AF}.Release|Any CPU.Deploy.0 = Release|x86
		{C1B5DA90-C109-4105-9328-E1ED40E744AF}.Release|ARM.ActiveCfg = Release|ARM
		{C1B5DA90-C109-4105-9328-E1ED40E744AF}.Release|ARM.Build.0 = Release|ARM
		{C1B5DA90-C109-4105-9328-E1ED40E744AF}.Release|ARM.Deploy.0 = Release|ARM
		{C1B5DA90-C109-4105-9328-E1ED40E744AF}.Release|x64.ActiveCfg = Release|x64
		{C1B5DA90-C109-4105-9328-E1ED40E744AF}.Release|x64.Build.0 = Release|x64
		{C1B5DA90-C109-4105-9328-E1ED40E744AF}.Release|x64.Deploy.0 = Release|x64
		{C1B5DA90-C109-4105-9328-E1ED40E744AF}.Release|x86.ActiveCfg = Release|x86
		{C1B5DA90-C109-4105-9328-E1ED40E744AF}.Release|x86.Build.0 = Release|x86
		{C1B5DA90-C109-4105-9328-E1ED40E744AF}.Release|x86.Deploy.0 = Release|x86
		{B675342B-A519-4BD0-8BF7-20B4BABC5479}.Debug|Any CPU.ActiveCfg = Debug|Any CPU
		{B675342B-A519-4BD0-8BF7-20B4BABC5479}.Debug|Any CPU.Build.0 = Debug|Any CPU
		{B675342B-A519-4BD0-8BF7-20B4BABC5479}.Debug|Any CPU.Deploy.0 = Debug|Any CPU
		{B675342B-A519-4BD0-8BF7-20B4BABC5479}.Debug|ARM.ActiveCfg = Debug|Any CPU
		{B675342B-A519-4BD0-8BF7-20B4BABC5479}.Debug|ARM.Build.0 = Debug|Any CPU
		{B675342B-A519-4BD0-8BF7-20B4BABC5479}.Debug|ARM.Deploy.0 = Debug|Any CPU
		{B675342B-A519-4BD0-8BF7-20B4BABC5479}.Debug|x64.ActiveCfg = Debug|Any CPU
		{B675342B-A519-4BD0-8BF7-20B4BABC5479}.Debug|x64.Build.0 = Debug|Any CPU
		{B675342B-A519-4BD0-8BF7-20B4BABC5479}.Debug|x64.Deploy.0 = Debug|Any CPU
		{B675342B-A519-4BD0-8BF7-20B4BABC5479}.Debug|x86.ActiveCfg = Debug|Any CPU
		{B675342B-A519-4BD0-8BF7-20B4BABC5479}.Debug|x86.Build.0 = Debug|Any CPU
		{B675342B-A519-4BD0-8BF7-20B4BABC5479}.Debug|x86.Deploy.0 = Debug|Any CPU
		{B675342B-A519-4BD0-8BF7-20B4BABC5479}.Release|Any CPU.ActiveCfg = Release|Any CPU
		{B675342B-A519-4BD0-8BF7-20B4BABC5479}.Release|Any CPU.Build.0 = Release|Any CPU
		{B675342B-A519-4BD0-8BF7-20B4BABC5479}.Release|Any CPU.Deploy.0 = Release|Any CPU
		{B675342B-A519-4BD0-8BF7-20B4BABC5479}.Release|ARM.ActiveCfg = Release|Any CPU
		{B675342B-A519-4BD0-8BF7-20B4BABC5479}.Release|ARM.Build.0 = Release|Any CPU
		{B675342B-A519-4BD0-8BF7-20B4BABC5479}.Release|ARM.Deploy.0 = Release|Any CPU
		{B675342B-A519-4BD0-8BF7-20B4BABC5479}.Release|x64.ActiveCfg = Release|Any CPU
		{B675342B-A519-4BD0-8BF7-20B4BABC5479}.Release|x64.Build.0 = Release|Any CPU
		{B675342B-A519-4BD0-8BF7-20B4BABC5479}.Release|x64.Deploy.0 = Release|Any CPU
		{B675342B-A519-4BD0-8BF7-20B4BABC5479}.Release|x86.ActiveCfg = Release|Any CPU
		{B675342B-A519-4BD0-8BF7-20B4BABC5479}.Release|x86.Build.0 = Release|Any CPU
		{B675342B-A519-4BD0-8BF7-20B4BABC5479}.Release|x86.Deploy.0 = Release|Any CPU
	EndGlobalSection
	GlobalSection(SolutionProperties) = preSolution
		HideSolutionNode = FALSE
	EndGlobalSection
	GlobalSection(ExtensibilityGlobals) = postSolution
		SolutionGuid = {B684A690-F95D-4A88-8F6B-A62B08344B3C}
	EndGlobalSection
EndGlobal
